
Microsoft Visual Studio Solution File, Format Version 12.00
# Visual Studio 2015
Project("{FAE04EC0-301F-11D3-BF4B-00C04F79EFBC}") = "Stage2Project", "Stage2Project.csproj", "{7BFA8128-8BD6-C194-6C63-047E7D7DE46F}"
EndProject
Global
	GlobalSection(SolutionConfigurationPlatforms) = preSolution
		Debug|Any CPU = Debug|Any CPU
		Release|Any CPU = Release|Any CPU
	EndGlobalSection
	GlobalSection(ProjectConfigurationPlatforms) = postSolution
		{7BFA8128-8BD6-C194-6C63-047E7D7DE46F}.Debug|Any CPU.ActiveCfg = Debug|Any CPU
		{7BFA8128-8BD6-C194-6C63-047E7D7DE46F}.Debug|Any CPU.Build.0 = Debug|Any CPU
		{7BFA8128-8BD6-C194-6C63-047E7D7DE46F}.Release|Any CPU.ActiveCfg = Release|Any CPU
		{7BFA8128-8BD6-C194-6C63-047E7D7DE46F}.Release|Any CPU.Build.0 = Release|Any CPU
	EndGlobalSection
	GlobalSection(SolutionProperties) = preSolution
		HideSolutionNode = FALSE
	EndGlobalSection
EndGlobal
